
Microsoft Visual Studio Solution File, Format Version 12.00
# Visual Studio Version 16
VisualStudioVersion = 16.0.31025.194
MinimumVisualStudioVersion = 10.0.40219.1
Project("{FAE04EC0-301F-11D3-BF4B-00C04F79EFBC}") = "SingletonHnadson", "SingletonHnadson.csproj", "{875B3231-353A-4ED5-8125-B3D3E39573AA}"
EndProject
Project("{FAE04EC0-301F-11D3-BF4B-00C04F79EFBC}") = "AbstractFactoryHandsOn", "..\AbstractFactoryHandsOn\AbstractFactoryHandsOn.csproj", "{8A7B5886-1A4E-4DB4-B6E8-DEA93238166B}"
EndProject
Global
	GlobalSection(SolutionConfigurationPlatforms) = preSolution
		Debug|Any CPU = Debug|Any CPU
		Release|Any CPU = Release|Any CPU
	EndGlobalSection
	GlobalSection(ProjectConfigurationPlatforms) = postSolution
		{875B3231-353A-4ED5-8125-B3D3E39573AA}.Debug|Any CPU.ActiveCfg = Debug|Any CPU
		{875B3231-353A-4ED5-8125-B3D3E39573AA}.Debug|Any CPU.Build.0 = Debug|Any CPU
		{875B3231-353A-4ED5-8125-B3D3E39573AA}.Release|Any CPU.ActiveCfg = Release|Any CPU
		{875B3231-353A-4ED5-8125-B3D3E39573AA}.Release|Any CPU.Build.0 = Release|Any CPU
		{8A7B5886-1A4E-4DB4-B6E8-DEA93238166B}.Debug|Any CPU.ActiveCfg = Debug|Any CPU
		{8A7B5886-1A4E-4DB4-B6E8-DEA93238166B}.Debug|Any CPU.Build.0 = Debug|Any CPU
		{8A7B5886-1A4E-4DB4-B6E8-DEA93238166B}.Release|Any CPU.ActiveCfg = Release|Any CPU
		{8A7B5886-1A4E-4DB4-B6E8-DEA93238166B}.Release|Any CPU.Build.0 = Release|Any CPU
	EndGlobalSection
	GlobalSection(SolutionProperties) = preSolution
		HideSolutionNode = FALSE
	EndGlobalSection
	GlobalSection(ExtensibilityGlobals) = postSolution
		SolutionGuid = {CF58DB4E-F795-4771-ABC3-9B9B82E54A98}
	EndGlobalSection
EndGlobal
