
Microsoft Visual Studio Solution File, Format Version 12.00
# Visual Studio Version 16
VisualStudioVersion = 16.0.31025.194
MinimumVisualStudioVersion = 10.0.40219.1
Project("{FAE04EC0-301F-11D3-BF4B-00C04F79EFBC}") = "MVC-observeOnly", "MVC-observeOnly.csproj", "{EB835E3F-3090-4F75-BAF5-9F89B244E377}"
EndProject
Global
	GlobalSection(SolutionConfigurationPlatforms) = preSolution
		Debug|Any CPU = Debug|Any CPU
		Release|Any CPU = Release|Any CPU
	EndGlobalSection
	GlobalSection(ProjectConfigurationPlatforms) = postSolution
		{EB835E3F-3090-4F75-BAF5-9F89B244E377}.Debug|Any CPU.ActiveCfg = Debug|Any CPU
		{EB835E3F-3090-4F75-BAF5-9F89B244E377}.Debug|Any CPU.Build.0 = Debug|Any CPU
		{EB835E3F-3090-4F75-BAF5-9F89B244E377}.Release|Any CPU.ActiveCfg = Release|Any CPU
		{EB835E3F-3090-4F75-BAF5-9F89B244E377}.Release|Any CPU.Build.0 = Release|Any CPU
	EndGlobalSection
	GlobalSection(SolutionProperties) = preSolution
		HideSolutionNode = FALSE
	EndGlobalSection
	GlobalSection(ExtensibilityGlobals) = postSolution
		SolutionGuid = {7681C298-F2DC-4DDC-81A7-AFB4F283B8E4}
	EndGlobalSection
EndGlobal
