
Microsoft Visual Studio Solution File, Format Version 12.00
# Visual Studio Version 16
VisualStudioVersion = 16.0.31025.194
MinimumVisualStudioVersion = 10.0.40219.1
Project("{FAE04EC0-301F-11D3-BF4B-00C04F79EFBC}") = "log4net-handson", "log4net-handson.csproj", "{1EB0479D-3C32-406B-ADD8-DFE9C24E6079}"
EndProject
Global
	GlobalSection(SolutionConfigurationPlatforms) = preSolution
		Debug|Any CPU = Debug|Any CPU
		Release|Any CPU = Release|Any CPU
	EndGlobalSection
	GlobalSection(ProjectConfigurationPlatforms) = postSolution
		{1EB0479D-3C32-406B-ADD8-DFE9C24E6079}.Debug|Any CPU.ActiveCfg = Debug|Any CPU
		{1EB0479D-3C32-406B-ADD8-DFE9C24E6079}.Debug|Any CPU.Build.0 = Debug|Any CPU
		{1EB0479D-3C32-406B-ADD8-DFE9C24E6079}.Release|Any CPU.ActiveCfg = Release|Any CPU
		{1EB0479D-3C32-406B-ADD8-DFE9C24E6079}.Release|Any CPU.Build.0 = Release|Any CPU
	EndGlobalSection
	GlobalSection(SolutionProperties) = preSolution
		HideSolutionNode = FALSE
	EndGlobalSection
	GlobalSection(ExtensibilityGlobals) = postSolution
		SolutionGuid = {5B52D61A-CD49-4D61-A28C-678A22B2486B}
	EndGlobalSection
EndGlobal
