
Microsoft Visual Studio Solution File, Format Version 12.00
# Visual Studio Version 16
VisualStudioVersion = 16.0.31025.194
MinimumVisualStudioVersion = 10.0.40219.1
Project("{9A19103F-16F7-4668-BE54-9A1E7A4F7556}") = "FacadeDemo", "C:\Users\abhis\source\repos\FacadeDemo\FacadeDemo.csproj", "{D92EAEBC-EE69-42ED-AC67-390AE9324AE7}"
EndProject
Global
	GlobalSection(SolutionConfigurationPlatforms) = preSolution
		Debug|Any CPU = Debug|Any CPU
		Release|Any CPU = Release|Any CPU
	EndGlobalSection
	GlobalSection(ProjectConfigurationPlatforms) = postSolution
		{D92EAEBC-EE69-42ED-AC67-390AE9324AE7}.Debug|Any CPU.ActiveCfg = Debug|Any CPU
		{D92EAEBC-EE69-42ED-AC67-390AE9324AE7}.Debug|Any CPU.Build.0 = Debug|Any CPU
		{D92EAEBC-EE69-42ED-AC67-390AE9324AE7}.Release|Any CPU.ActiveCfg = Release|Any CPU
		{D92EAEBC-EE69-42ED-AC67-390AE9324AE7}.Release|Any CPU.Build.0 = Release|Any CPU
	EndGlobalSection
	GlobalSection(SolutionProperties) = preSolution
		HideSolutionNode = FALSE
	EndGlobalSection
	GlobalSection(ExtensibilityGlobals) = postSolution
		SolutionGuid = {DE254565-864F-403D-9FD3-2DB0B93A527F}
	EndGlobalSection
EndGlobal
